github.com/davecgh/go-spew v1.1.1 h1:vj9j/u1bqnvCEfJOwUhtlOARqs3+rkHYY13jYWTU97c=
github.com/davecgh/go-spew v1.1.1/go.mod h1:J7Y8YcW2NihsgmVo/mv3lAwl/skON4iLHjSsI+c5H38=
github.com/feifeixiyu/yaml v0.0.0-20210801015903-f9a5c2f274ef h1:6gqG6PIGUnkF0Z16diPckAozOLD/vWvLkGWM1uIXpiA=
github.com/feifeixiyu/yaml v0.0.0-20210801015903-f9a5c2f274ef/go.mod h1:79RpCBIqNnX7X+2ouYZ/WqLPqceWMHsNZ5zfW54ibv4=
gopkg.in/check.v1 v0.0.0-20161208181325-20d25e280405 h1:yhCVgyC4o1eVCa2tZl7eS0r+SDo693bJlVdllGtEeKM=
gopkg.in/check.v1 v0.0.0-20161208181325-20d25e280405/go.mod h1:Co6ibVJAznAaIkqp8huTwlJQCZ016jof/cbN4VW5Yz0=
